// !$*UTF8*$!
{
	archiveVersion = 1;
	classes = {
	};
	objectVersion = 46;
	objects = {

/* Begin PBXBuildFile section */
		F0385A6D1F593D710053F2F7 /* main.m in Sources */ = {isa = PBXBuildFile; fileRef = F0385A6C1F593D710053F2F7 /* main.m */; };
		F0385A701F593D710053F2F7 /* AppDelegate.m in Sources */ = {isa = PBXBuildFile; fileRef = F0385A6F1F593D710053F2F7 /* AppDelegate.m */; };
		F0385A731F593D710053F2F7 /* ViewController.m in Sources */ = {isa = PBXBuildFile; fileRef = F0385A721F593D710053F2F7 /* ViewController.m */; };
		F0385A761F593D710053F2F7 /* Main.storyboard in Resources */ = {isa = PBXBuildFile; fileRef = F0385A741F593D710053F2F7 /* Main.storyboard */; };
		F0385A781F593D710053F2F7 /* Assets.xcassets in Resources */ = {isa = PBXBuildFile; fileRef = F0385A771F593D710053F2F7 /* Assets.xcassets */; };
		F0385A7B1F593D710053F2F7 /* LaunchScreen.storyboard in Resources */ = {isa = PBXBuildFile; fileRef = F0385A791F593D710053F2F7 /* LaunchScreen.storyboard */; };
		F0385A861F593D710053F2F7 /* UIView____Tests.m in Sources */ = {isa = PBXBuildFile; fileRef = F0385A851F593D710053F2F7 /* UIView____Tests.m */; };
		F0385A911F593D710053F2F7 /* UIView____UITests.m in Sources */ = {isa = PBXBuildFile; fileRef = F0385A901F593D710053F2F7 /* UIView____UITests.m */; };
		F0385A9F1F593DB30053F2F7 /* 7.jpg in Resources */ = {isa = PBXBuildFile; fileRef = F0385A9E1F593DB30053F2F7 /* 7.jpg */; };
/* End PBXBuildFile section */

/* Begin PBXContainerItemProxy section */
		F0385A821F593D710053F2F7 /* PBXContainerItemProxy */ = {
			isa = PBXContainerItemProxy;
			containerPortal = F0385A601F593D710053F2F7 /* Project object */;
			proxyType = 1;
			remoteGlobalIDString = F0385A671F593D710053F2F7;
			remoteInfo = "UIView动画基础";
		};
		F0385A8D1F593D710053F2F7 /* PBXContainerItemProxy */ = {
			isa = PBXContainerItemProxy;
			containerPortal = F0385A601F593D710053F2F7 /* Project object */;
			proxyType = 1;
			remoteGlobalIDString = F0385A671F593D710053F2F7;
			remoteInfo = "UIView动画基础";
		};
/* End PBXContainerItemProxy section */

/* Begin PBXFileReference section */
		F0385A681F593D710053F2F7 /* UIView动画基础.app */ = {isa = PBXFileReference; explicitFileType = wrapper.application; includeInIndex = 0; path = "UIView动画基础.app"; sourceTree = BUILT_PRODUCTS_DIR; };
		F0385A6C1F593D710053F2F7 /* main.m */ = {isa = PBXFileReference; lastKnownFileType = sourcecode.c.objc; path = main.m; sourceTree = "<group>"; };
		F0385A6E1F593D710053F2F7 /* AppDelegate.h */ = {isa = PBXFileReference; lastKnownFileType = sourcecode.c.h; path = AppDelegate.h; sourceTree = "<group>"; };
		F0385A6F1F593D710053F2F7 /* AppDelegate.m */ = {isa = PBXFileReference; lastKnownFileType = sourcecode.c.objc; path = AppDelegate.m; sourceTree = "<group>"; };
		F0385A711F593D710053F2F7 /* ViewController.h */ = {isa = PBXFileReference; lastKnownFileType = sourcecode.c.h; path = ViewController.h; sourceTree = "<group>"; };
		F0385A721F593D710053F2F7 /* ViewController.m */ = {isa = PBXFileReference; lastKnownFileType = sourcecode.c.objc; path = ViewController.m; sourceTree = "<group>"; };
		F0385A751F593D710053F2F7 /* Base */ = {isa = PBXFileReference; lastKnownFileType = file.storyboard; name = Base; path = Base.lproj/Main.storyboard; sourceTree = "<group>"; };
		F0385A771F593D710053F2F7 /* Assets.xcassets */ = {isa = PBXFileReference; lastKnownFileType = folder.assetcatalog; path = Assets.xcassets; sourceTree = "<group>"; };
		F0385A7A1F593D710053F2F7 /* Base */ = {isa = PBXFileReference; lastKnownFileType = file.storyboard; name = Base; path = Base.lproj/LaunchScreen.storyboard; sourceTree = "<group>"; };
		F0385A7C1F593D710053F2F7 /* Info.plist */ = {isa = PBXFileReference; lastKnownFileType = text.plist.xml; path = Info.plist; sourceTree = "<group>"; };
		F0385A811F593D710053F2F7 /* UIView动画基础Tests.xctest */ = {isa = PBXFileReference; explicitFileType = wrapper.cfbundle; includeInIndex = 0; path = "UIView动画基础Tests.xctest"; sourceTree = BUILT_PRODUCTS_DIR; };
		F0385A851F593D710053F2F7 /* UIView____Tests.m */ = {isa = PBXFileReference; lastKnownFileType = sourcecode.c.objc; path = "UIView____Tests.m"; sourceTree = "<group>"; };
		F0385A871F593D710053F2F7 /* Info.plist */ = {isa = PBXFileReference; lastKnownFileType = text.plist.xml; path = Info.plist; sourceTree = "<group>"; };
		F0385A8C1F593D710053F2F7 /* UIView动画基础UITests.xctest */ = {isa = PBXFileReference; explicitFileType = wrapper.cfbundle; includeInIndex = 0; path = "UIView动画基础UITests.xctest"; sourceTree = BUILT_PRODUCTS_DIR; };
		F0385A901F593D710053F2F7 /* UIView____UITests.m */ = {isa = PBXFileReference; lastKnownFileType = sourcecode.c.objc; path = "UIView____UITests.m"; sourceTree = "<group>"; };
		F0385A921F593D710053F2F7 /* Info.plist */ = {isa = PBXFileReference; lastKnownFileType = text.plist.xml; path = Info.plist; sourceTree = "<group>"; };
		F0385A9E1F593DB30053F2F7 /* 7.jpg */ = {isa = PBXFileReference; lastKnownFileType = image.jpeg; path = 7.jpg; sourceTree = "<group>"; };
/* End PBXFileReference section */

/* Begin PBXFrameworksBuildPhase section */
		F0385A651F593D710053F2F7 /* Frameworks */ = {
			isa = PBXFrameworksBuildPhase;
			buildActionMask = 2147483647;
			files = (
			);
			runOnlyForDeploymentPostprocessing = 0;
		};
		F0385A7E1F593D710053F2F7 /* Frameworks */ = {
			isa = PBXFrameworksBuildPhase;
			buildActionMask = 2147483647;
			files = (
			);
			runOnlyForDeploymentPostprocessing = 0;
		};
		F0385A891F593D710053F2F7 /* Frameworks */ = {
			isa = PBXFrameworksBuildPhase;
			buildActionMask = 2147483647;
			files = (
			);
			runOnlyForDeploymentPostprocessing = 0;
		};
/* End PBXFrameworksBuildPhase section */

/* Begin PBXGroup section */
		F0385A5F1F593D710053F2F7 = {
			isa = PBXGroup;
			children = (
				F0385A9E1F593DB30053F2F7 /* 7.jpg */,
				F0385A6A1F593D710053F2F7 /* UIView动画基础 */,
				F0385A841F593D710053F2F7 /* UIView动画基础Tests */,
				F0385A8F1F593D710053F2F7 /* UIView动画基础UITests */,
				F0385A691F593D710053F2F7 /* Products */,
			);
			sourceTree = "<group>";
		};
		F0385A691F593D710053F2F7 /* Products */ = {
			isa = PBXGroup;
			children = (
				F0385A681F593D710053F2F7 /* UIView动画基础.app */,
				F0385A811F593D710053F2F7 /* UIView动画基础Tests.xctest */,
				F0385A8C1F593D710053F2F7 /* UIView动画基础UITests.xctest */,
			);
			name = Products;
			sourceTree = "<group>";
		};
		F0385A6A1F593D710053F2F7 /* UIView动画基础 */ = {
			isa = PBXGroup;
			children = (
				F0385A6E1F593D710053F2F7 /* AppDelegate.h */,
				F0385A6F1F593D710053F2F7 /* AppDelegate.m */,
				F0385A711F593D710053F2F7 /* ViewController.h */,
				F0385A721F593D710053F2F7 /* ViewController.m */,
				F0385A741F593D710053F2F7 /* Main.storyboard */,
				F0385A771F593D710053F2F7 /* Assets.xcassets */,
				F0385A791F593D710053F2F7 /* LaunchScreen.storyboard */,
				F0385A7C1F593D710053F2F7 /* Info.plist */,
				F0385A6B1F593D710053F2F7 /* Supporting Files */,
			);
			path = "UIView动画基础";
			sourceTree = "<group>";
		};
		F0385A6B1F593D710053F2F7 /* Supporting Files */ = {
			isa = PBXGroup;
			children = (
				F0385A6C1F593D710053F2F7 /* main.m */,
			);
			name = "Supporting Files";
			sourceTree = "<group>";
		};
		F0385A841F593D710053F2F7 /* UIView动画基础Tests */ = {
			isa = PBXGroup;
			children = (
				F0385A851F593D710053F2F7 /* UIView____Tests.m */,
				F0385A871F593D710053F2F7 /* Info.plist */,
			);
			path = "UIView动画基础Tests";
			sourceTree = "<group>";
		};
		F0385A8F1F593D710053F2F7 /* UIView动画基础UITests */ = {
			isa = PBXGroup;
			children = (
				F0385A901F593D710053F2F7 /* UIView____UITests.m */,
				F0385A921F593D710053F2F7 /* Info.plist */,
			);
			path = "UIView动画基础UITests";
			sourceTree = "<group>";
		};
/* End PBXGroup section */

/* Begin PBXNativeTarget section */
		F0385A671F593D710053F2F7 /* UIView动画基础 */ = {
			isa = PBXNativeTarget;
			buildConfigurationList = F0385A951F593D710053F2F7 /* Build configuration list for PBXNativeTarget "UIView动画基础" */;
			buildPhases = (
				F0385A641F593D710053F2F7 /* Sources */,
				F0385A651F593D710053F2F7 /* Frameworks */,
				F0385A661F593D710053F2F7 /* Resources */,
			);
			buildRules = (
			);
			dependencies = (
			);
			name = "UIView动画基础";
			productName = "UIView动画基础";
			productReference = F0385A681F593D710053F2F7 /* UIView动画基础.app */;
			productType = "com.apple.product-type.application";
		};
		F0385A801F593D710053F2F7 /* UIView动画基础Tests */ = {
			isa = PBXNativeTarget;
			buildConfigurationList = F0385A981F593D710053F2F7 /* Build configuration list for PBXNativeTarget "UIView动画基础Tests" */;
			buildPhases = (
				F0385A7D1F593D710053F2F7 /* Sources */,
				F0385A7E1F593D710053F2F7 /* Frameworks */,
				F0385A7F1F593D710053F2F7 /* Resources */,
			);
			buildRules = (
			);
			dependencies = (
				F0385A831F593D710053F2F7 /* PBXTargetDependency */,
			);
			name = "UIView动画基础Tests";
			productName = "UIView动画基础Tests";
			productReference = F0385A811F593D710053F2F7 /* UIView动画基础Tests.xctest */;
			productType = "com.apple.product-type.bundle.unit-test";
		};
		F0385A8B1F593D710053F2F7 /* UIView动画基础UITests */ = {
			isa = PBXNativeTarget;
			buildConfigurationList = F0385A9B1F593D710053F2F7 /* Build configuration list for PBXNativeTarget "UIView动画基础UITests" */;
			buildPhases = (
				F0385A881F593D710053F2F7 /* Sources */,
				F0385A891F593D710053F2F7 /* Frameworks */,
				F0385A8A1F593D710053F2F7 /* Resources */,
			);
			buildRules = (
			);
			dependencies = (
				F0385A8E1F593D710053F2F7 /* PBXTargetDependency */,
			);
			name = "UIView动画基础UITests";
			productName = "UIView动画基础UITests";
			productReference = F0385A8C1F593D710053F2F7 /* UIView动画基础UITests.xctest */;
			productType = "com.apple.product-type.bundle.ui-testing";
		};
/* End PBXNativeTarget section */

/* Begin PBXProject section */
		F0385A601F593D710053F2F7 /* Project object */ = {
			isa = PBXProject;
			attributes = {
				LastUpgradeCheck = 0830;
				ORGANIZATIONNAME = "zh dk";
				TargetAttributes = {
					F0385A671F593D710053F2F7 = {
						CreatedOnToolsVersion = 8.3.3;
						ProvisioningStyle = Automatic;
					};
					F0385A801F593D710053F2F7 = {
						CreatedOnToolsVersion = 8.3.3;
						ProvisioningStyle = Automatic;
						TestTargetID = F0385A671F593D710053F2F7;
					};
					F0385A8B1F593D710053F2F7 = {
						CreatedOnToolsVersion = 8.3.3;
						ProvisioningStyle = Automatic;
						TestTargetID = F0385A671F593D710053F2F7;
					};
				};
			};
			buildConfigurationList = F0385A631F593D710053F2F7 /* Build configuration list for PBXProject "UIView动画基础" */;
			compatibilityVersion = "Xcode 3.2";
			developmentRegion = English;
			hasScannedForEncodings = 0;
			knownRegions = (
				en,
				Base,
			);
			mainGroup = F0385A5F1F593D710053F2F7;
			productRefGroup = F0385A691F593D710053F2F7 /* Products */;
			projectDirPath = "";
			projectRoot = "";
			targets = (
				F0385A671F593D710053F2F7 /* UIView动画基础 */,
				F0385A801F593D710053F2F7 /* UIView动画基础Tests */,
				F0385A8B1F593D710053F2F7 /* UIView动画基础UITests */,
			);
		};
/* End PBXProject section */

/* Begin PBXResourcesBuildPhase section */
		F0385A661F593D710053F2F7 /* Resources */ = {
			isa = PBXResourcesBuildPhase;
			buildActionMask = 2147483647;
			files = (
				F0385A7B1F593D710053F2F7 /* LaunchScreen.storyboard in Resources */,
				F0385A781F593D710053F2F7 /* Assets.xcassets in Resources */,
				F0385A761F593D710053F2F7 /* Main.storyboard in Resources */,
				F0385A9F1F593DB30053F2F7 /* 7.jpg in Resources */,
			);
			runOnlyForDeploymentPostprocessing = 0;
		};
		F0385A7F1F593D710053F2F7 /* Resources */ = {
			isa = PBXResourcesBuildPhase;
			buildActionMask = 2147483647;
			files = (
			);
			runOnlyForDeploymentPostprocessing = 0;
		};
		F0385A8A1F593D710053F2F7 /* Resources */ = {
			isa = PBXResourcesBuildPhase;
			buildActionMask = 2147483647;
			files = (
			);
			runOnlyForDeploymentPostprocessing = 0;
		};
/* End PBXResourcesBuildPhase section */

/* Begin PBXSourcesBuildPhase section */
		F0385A641F593D710053F2F7 /* Sources */ = {
			isa = PBXSourcesBuildPhase;
			buildActionMask = 2147483647;
			files = (
				F0385A731F593D710053F2F7 /* ViewController.m in Sources */,
				F0385A701F593D710053F2F7 /* AppDelegate.m in Sources */,
				F0385A6D1F593D710053F2F7 /* main.m in Sources */,
			);
			runOnlyForDeploymentPostprocessing = 0;
		};
		F0385A7D1F593D710053F2F7 /* Sources */ = {
			isa = PBXSourcesBuildPhase;
			buildActionMask = 2147483647;
			files = (
				F0385A861F593D710053F2F7 /* UIView____Tests.m in Sources */,
			);
			runOnlyForDeploymentPostprocessing = 0;
		};
		F0385A881F593D710053F2F7 /* Sources */ = {
			isa = PBXSourcesBuildPhase;
			buildActionMask = 2147483647;
			files = (
				F0385A911F593D710053F2F7 /* UIView____UITests.m in Sources */,
			);
			runOnlyForDeploymentPostprocessing = 0;
		};
/* End PBXSourcesBuildPhase section */

/* Begin PBXTargetDependency section */
		F0385A831F593D710053F2F7 /* PBXTargetDependency */ = {
			isa = PBXTargetDependency;
			target = F0385A671F593D710053F2F7 /* UIView动画基础 */;
			targetProxy = F0385A821F593D710053F2F7 /* PBXContainerItemProxy */;
		};
		F0385A8E1F593D710053F2F7 /* PBXTargetDependency */ = {
			isa = PBXTargetDependency;
			target = F0385A671F593D710053F2F7 /* UIView动画基础 */;
			targetProxy = F0385A8D1F593D710053F2F7 /* PBXContainerItemProxy */;
		};
/* End PBXTargetDependency section */

/* Begin PBXVariantGroup section */
		F0385A741F593D710053F2F7 /* Main.storyboard */ = {
			isa = PBXVariantGroup;
			children = (
				F0385A751F593D710053F2F7 /* Base */,
			);
			name = Main.storyboard;
			sourceTree = "<group>";
		};
		F0385A791F593D710053F2F7 /* LaunchScreen.storyboard */ = {
			isa = PBXVariantGroup;
			children = (
				F0385A7A1F593D710053F2F7 /* Base */,
			);
			name = LaunchScreen.storyboard;
			sourceTree = "<group>";
		};
/* End PBXVariantGroup section */

/* Begin XCBuildConfiguration section */
		F0385A931F593D710053F2F7 /* Debug */ = {
			isa = XCBuildConfiguration;
			buildSettings = {
				ALWAYS_SEARCH_USER_PATHS = NO;
				CLANG_ANALYZER_NONNULL = YES;
				CLANG_ANALYZER_NUMBER_OBJECT_CONVERSION = YES_AGGRESSIVE;
				CLANG_CXX_LANGUAGE_STANDARD = "gnu++0x";
				CLANG_CXX_LIBRARY = "libc++";
				CLANG_ENABLE_MODULES = YES;
				CLANG_ENABLE_OBJC_ARC = YES;
				CLANG_WARN_BOOL_CONVERSION = YES;
				CLANG_WARN_CONSTANT_CONVERSION = YES;
				CLANG_WARN_DIRECT_OBJC_ISA_USAGE = YES_ERROR;
				CLANG_WARN_DOCUMENTATION_COMMENTS = YES;
				CLANG_WARN_EMPTY_BODY = YES;
				CLANG_WARN_ENUM_CONVERSION = YES;
				CLANG_WARN_INFINITE_RECURSION = YES;
				CLANG_WARN_INT_CONVERSION = YES;
				CLANG_WARN_OBJC_ROOT_CLASS = YES_ERROR;
				CLANG_WARN_SUSPICIOUS_MOVE = YES;
				CLANG_WARN_UNREACHABLE_CODE = YES;
				CLANG_WARN__DUPLICATE_METHOD_MATCH = YES;
				"CODE_SIGN_IDENTITY[sdk=iphoneos*]" = "iPhone Developer";
				COPY_PHASE_STRIP = NO;
				DEBUG_INFORMATION_FORMAT = dwarf;
				ENABLE_STRICT_OBJC_MSGSEND = YES;
				ENABLE_TESTABILITY = YES;
				GCC_C_LANGUAGE_STANDARD = gnu99;
				GCC_DYNAMIC_NO_PIC = NO;
				GCC_NO_COMMON_BLOCKS = YES;
				GCC_OPTIMIZATION_LEVEL = 0;
				GCC_PREPROCESSOR_DEFINITIONS = (
					"DEBUG=1",
					"$(inherited)",
				);
				GCC_WARN_64_TO_32_BIT_CONVERSION = YES;
				GCC_WARN_ABOUT_RETURN_TYPE = YES_ERROR;
				GCC_WARN_UNDECLARED_SELECTOR = YES;
				GCC_WARN_UNINITIALIZED_AUTOS = YES_AGGRESSIVE;
				GCC_WARN_UNUSED_FUNCTION = YES;
				GCC_WARN_UNUSED_VARIABLE = YES;
				IPHONEOS_DEPLOYMENT_TARGET = 10.3;
				MTL_ENABLE_DEBUG_INFO = YES;
				ONLY_ACTIVE_ARCH = YES;
				SDKROOT = iphoneos;
			};
			name = Debug;
		};
		F0385A941F593D710053F2F7 /* Release */ = {
			isa = XCBuildConfiguration;
			buildSettings = {
				ALWAYS_SEARCH_USER_PATHS = NO;
				CLANG_ANALYZER_NONNULL = YES;
				CLANG_ANALYZER_NUMBER_OBJECT_CONVERSION = YES_AGGRESSIVE;
				CLANG_CXX_LANGUAGE_STANDARD = "gnu++0x";
				CLANG_CXX_LIBRARY = "libc++";
				CLANG_ENABLE_MODULES = YES;
				CLANG_ENABLE_OBJC_ARC = YES;
				CLANG_WARN_BOOL_CONVERSION = YES;
				CLANG_WARN_CONSTANT_CONVERSION = YES;
				CLANG_WARN_DIRECT_OBJC_ISA_USAGE = YES_ERROR;
				CLANG_WARN_DOCUMENTATION_COMMENTS = YES;
				CLANG_WARN_EMPTY_BODY = YES;
				CLANG_WARN_ENUM_CONVERSION = YES;
				CLANG_WARN_INFINITE_RECURSION = YES;
				CLANG_WARN_INT_CONVERSION = YES;
				CLANG_WARN_OBJC_ROOT_CLASS = YES_ERROR;
				CLANG_WARN_SUSPICIOUS_MOVE = YES;
				CLANG_WARN_UNREACHABLE_CODE = YES;
				CLANG_WARN__DUPLICATE_METHOD_MATCH = YES;
				"CODE_SIGN_IDENTITY[sdk=iphoneos*]" = "iPhone Developer";
				COPY_PHASE_STRIP = NO;
				DEBUG_INFORMATION_FORMAT = "dwarf-with-dsym";
				ENABLE_NS_ASSERTIONS = NO;
				ENABLE_STRICT_OBJC_MSGSEND = YES;
				GCC_C_LANGUAGE_STANDARD = gnu99;
				GCC_NO_COMMON_BLOCKS = YES;
				GCC_WARN_64_TO_32_BIT_CONVERSION = YES;
				GCC_WARN_ABOUT_RETURN_TYPE = YES_ERROR;
				GCC_WARN_UNDECLARED_SELECTOR = YES;
				GCC_WARN_UNINITIALIZED_AUTOS = YES_AGGRESSIVE;
				GCC_WARN_UNUSED_FUNCTION = YES;
				GCC_WARN_UNUSED_VARIABLE = YES;
				IPHONEOS_DEPLOYMENT_TARGET = 10.3;
				MTL_ENABLE_DEBUG_INFO = NO;
				SDKROOT = iphoneos;
				VALIDATE_PRODUCT = YES;
			};
			name = Release;
		};
		F0385A961F593D710053F2F7 /* Debug */ = {
			isa = XCBuildConfiguration;
			buildSettings = {
				ASSETCATALOG_COMPILER_APPICON_NAME = AppIcon;
				INFOPLIST_FILE = "UIView动画基础/Info.plist";
				LD_RUNPATH_SEARCH_PATHS = "$(inherited) @executable_path/Frameworks";
				PRODUCT_BUNDLE_IDENTIFIER = "zhdk.UIView----";
				PRODUCT_NAME = "$(TARGET_NAME)";
			};
			name = Debug;
		};
		F0385A971F593D710053F2F7 /* Release */ = {
			isa = XCBuildConfiguration;
			buildSettings = {
				ASSETCATALOG_COMPILER_APPICON_NAME = AppIcon;
				INFOPLIST_FILE = "UIView动画基础/Info.plist";
				LD_RUNPATH_SEARCH_PATHS = "$(inherited) @executable_path/Frameworks";
				PRODUCT_BUNDLE_IDENTIFIER = "zhdk.UIView----";
				PRODUCT_NAME = "$(TARGET_NAME)";
			};
			name = Release;
		};
		F0385A991F593D710053F2F7 /* Debug */ = {
			isa = XCBuildConfiguration;
			buildSettings = {
				BUNDLE_LOADER = "$(TEST_HOST)";
				INFOPLIST_FILE = "UIView动画基础Tests/Info.plist";
				LD_RUNPATH_SEARCH_PATHS = "$(inherited) @executable_path/Frameworks @loader_path/Frameworks";
				PRODUCT_BUNDLE_IDENTIFIER = "zhdk.UIView----Tests";
				PRODUCT_NAME = "$(TARGET_NAME)";
				TEST_HOST = "$(BUILT_PRODUCTS_DIR)/UIView动画基础.app/UIView动画基础";
			};
			name = Debug;
		};
		F0385A9A1F593D710053F2F7 /* Release */ = {
			isa = XCBuildConfiguration;
			buildSettings = {
				BUNDLE_LOADER = "$(TEST_HOST)";
				INFOPLIST_FILE = "UIView动画基础Tests/Info.plist";
				LD_RUNPATH_SEARCH_PATHS = "$(inherited) @executable_path/Frameworks @loader_path/Frameworks";
				PRODUCT_BUNDLE_IDENTIFIER = "zhdk.UIView----Tests";
				PRODUCT_NAME = "$(TARGET_NAME)";
				TEST_HOST = "$(BUILT_PRODUCTS_DIR)/UIView动画基础.app/UIView动画基础";
			};
			name = Release;
		};
		F0385A9C1F593D710053F2F7 /* Debug */ = {
			isa = XCBuildConfiguration;
			buildSettings = {
				INFOPLIST_FILE = "UIView动画基础UITests/Info.plist";
				LD_RUNPATH_SEARCH_PATHS = "$(inherited) @executable_path/Frameworks @loader_path/Frameworks";
				PRODUCT_BUNDLE_IDENTIFIER = "zhdk.UIView----UITests";
				PRODUCT_NAME = "$(TARGET_NAME)";
				TEST_TARGET_NAME = "UIView动画基础";
			};
			name = Debug;
		};
		F0385A9D1F593D710053F2F7 /* Release */ = {
			isa = XCBuildConfiguration;
			buildSettings = {
				INFOPLIST_FILE = "UIView动画基础UITests/Info.plist";
				LD_RUNPATH_SEARCH_PATHS = "$(inherited) @executable_path/Frameworks @loader_path/Frameworks";
				PRODUCT_BUNDLE_IDENTIFIER = "zhdk.UIView----UITests";
				PRODUCT_NAME = "$(TARGET_NAME)";
				TEST_TARGET_NAME = "UIView动画基础";
			};
			name = Release;
		};
/* End XCBuildConfiguration section */

/* Begin XCConfigurationList section */
		F0385A631F593D710053F2F7 /* Build configuration list for PBXProject "UIView动画基础" */ = {
			isa = XCConfigurationList;
			buildConfigurations = (
				F0385A931F593D710053F2F7 /* Debug */,
				F0385A941F593D710053F2F7 /* Release */,
			);
			defaultConfigurationIsVisible = 0;
			defaultConfigurationName = Release;
		};
		F0385A951F593D710053F2F7 /* Build configuration list for PBXNativeTarget "UIView动画基础" */ = {
			isa = XCConfigurationList;
			buildConfigurations = (
				F0385A961F593D710053F2F7 /* Debug */,
				F0385A971F593D710053F2F7 /* Release */,
			);
			defaultConfigurationIsVisible = 0;
		};
		F0385A981F593D710053F2F7 /* Build configuration list for PBXNativeTarget "UIView动画基础Tests" */ = {
			isa = XCConfigurationList;
			buildConfigurations = (
				F0385A991F593D710053F2F7 /* Debug */,
				F0385A9A1F593D710053F2F7 /* Release */,
			);
			defaultConfigurationIsVisible = 0;
		};
		F0385A9B1F593D710053F2F7 /* Build configuration list for PBXNativeTarget "UIView动画基础UITests" */ = {
			isa = XCConfigurationList;
			buildConfigurations = (
				F0385A9C1F593D710053F2F7 /* Debug */,
				F0385A9D1F593D710053F2F7 /* Release */,
			);
			defaultConfigurationIsVisible = 0;
		};
/* End XCConfigurationList section */
	};
	rootObject = F0385A601F593D710053F2F7 /* Project object */;
}
